PODS:
  - Eureka (5.4.0)
  - SwiftyStoreKit (0.16.1)

DEPENDENCIES:
  - Eureka
  - SwiftyStoreKit

SPEC REPOS:
  trunk:
    - Eureka
    - SwiftyStoreKit

SPEC CHECKSUMS:
  Eureka: fadaa9fa3d6e402d3c60f78f24edf3d7bafc9c29
  SwiftyStoreKit: 6b9c08810269f030586dac1fae8e75871a82e84a

PODFILE CHECKSUM: ecc1f58cb62756e69286206be3e5304a05ebd6f4

COCOAPODS: 1.11.3
