PODS:
  - Eureka (5.1.0)
  - SwiftyStoreKit (0.15.0)

DEPENDENCIES:
  - Eureka
  - SwiftyStoreKit

SPEC REPOS:
  https://github.com/CocoaPods/Specs.git:
    - Eureka
    - SwiftyStoreKit

SPEC CHECKSUMS:
  Eureka: 18a5076dcf0c41f9cd9748aa1c42f4d11434bdae
  SwiftyStoreKit: 033d06b6f87955405d3f844a18a7687c2438592a

PODFILE CHECKSUM: 2fd6c91e85a1dedbb94dedc614c4cc3c7071fcb0

COCOAPODS: 1.8.4
